PODS:
  - Differentiator (3.1.0)
  - FDFullscreenPopGesture (1.1)
  - FLAnimatedImage (1.0.12)
  - KSPhotoBrowser (0.2.4):
    - FLAnimatedImage (~> 1.0)
    - SDWebImage (~> 4.0)
    - SDWebImage/GIF
  - Masonry (1.1.0)
  - RxAtomic (4.4.0)
  - RxCocoa (4.4.0):
    - RxSwift (~> 4.0)
  - RxDataSources (3.1.0):
    - Differentiator (~> 3.0)
    - RxCocoa (~> 4.0)
    - RxSwift (~> 4.0)
  - RxSwift (4.4.0):
    - RxAtomic (~> 4.4)
  - SDWebImage (4.4.2):
    - SDWebImage/Core (= 4.4.2)
  - SDWebImage/Core (4.4.2)
  - SDWebImage/GIF (4.4.2):
    - FLAnimatedImage (~> 1.0)
    - SDWebImage/Core
  - SnapKit (4.2.0)
  - YYKit (1.0.9):
    - YYKit/no-arc (= 1.0.9)
  - YYKit/no-arc (1.0.9)

DEPENDENCIES:
  - FDFullscreenPopGesture
  - KSPhotoBrowser
  - Masonry
  - RxCocoa
  - RxDataSources
  - RxSwift
  - SnapKit
  - YYKit

SPEC REPOS:
  https://github.com/CocoaPods/Specs.git:
    - Differentiator
    - FDFullscreenPopGesture
    - FLAnimatedImage
    - KSPhotoBrowser
    - Masonry
    - RxAtomic
    - RxCocoa
    - RxDataSources
    - RxSwift
    - SDWebImage
    - SnapKit
    - YYKit

SPEC CHECKSUMS:
  Differentiator: be49ca3408f0ecfc761e4c7763d20c62be01b9ad
  FDFullscreenPopGesture: a8a620179e3d9c40e8e00256dcee1c1a27c6d0f0
  FLAnimatedImage: 4a0b56255d9b05f18b6dd7ee06871be5d3b89e31
  KSPhotoBrowser: 1f60c68401f34bcc223838c8592269b4a10a83bf
  Masonry: 678fab65091a9290e40e2832a55e7ab731aad201
  RxAtomic: eacf60db868c96bfd63320e28619fe29c179656f
  RxCocoa: df63ebf7b9a70d6b4eeea407ed5dd4efc8979749
  RxDataSources: a843bad90c29817f5923ec8163f4af2de084ceb3
  RxSwift: 5976ecd04fc2fefd648827c23de5e11157faa973
  SDWebImage: 624d6e296c69b244bcede364c72ae0430ac14681
  SnapKit: fe8a619752f3f27075cc9a90244d75c6c3f27e2a
  YYKit: 7cda43304a8dc3696c449041e2cb3107b4e236e7

PODFILE CHECKSUM: 840813a012ec67d16101262730238564472d0a5f

COCOAPODS: 1.8.4
